
Microsoft Visual Studio Solution File, Format Version 12.00
# Visual Studio 15
VisualStudioVersion = 15.0.27130.2010
MinimumVisualStudioVersion = 10.0.40219.1
Project("{9A19103F-16F7-4668-BE54-9A1E7A4F7556}") = "Lambda.AspNetCore", "Lambda.AspNetCore\Lambda.AspNetCore.csproj", "{67B3E194-32AE-4E51-8222-FE38AC8C2407}"
EndProject
Project("{9A19103F-16F7-4668-BE54-9A1E7A4F7556}") = "Lambda.AspNetCore.Tests", "Lambda.AspNetCore.Tests\Lambda.AspNetCore.Tests.csproj", "{8BDE31D3-3ACC-4A7D-BED9-AA06D2AD821B}"
EndProject
Global
	GlobalSection(SolutionConfigurationPlatforms) = preSolution
		Debug|Any CPU = Debug|Any CPU
		Release|Any CPU = Release|Any CPU
	EndGlobalSection
	GlobalSection(ProjectConfigurationPlatforms) = postSolution
		{67B3E194-32AE-4E51-8222-FE38AC8C2407}.Debug|Any CPU.ActiveCfg = Debug|Any CPU
		{67B3E194-32AE-4E51-8222-FE38AC8C2407}.Debug|Any CPU.Build.0 = Debug|Any CPU
		{67B3E194-32AE-4E51-8222-FE38AC8C2407}.Release|Any CPU.ActiveCfg = Release|Any CPU
		{67B3E194-32AE-4E51-8222-FE38AC8C2407}.Release|Any CPU.Build.0 = Release|Any CPU
		{8BDE31D3-3ACC-4A7D-BED9-AA06D2AD821B}.Debug|Any CPU.ActiveCfg = Debug|Any CPU
		{8BDE31D3-3ACC-4A7D-BED9-AA06D2AD821B}.Debug|Any CPU.Build.0 = Debug|Any CPU
		{8BDE31D3-3ACC-4A7D-BED9-AA06D2AD821B}.Release|Any CPU.ActiveCfg = Release|Any CPU
		{8BDE31D3-3ACC-4A7D-BED9-AA06D2AD821B}.Release|Any CPU.Build.0 = Release|Any CPU
	EndGlobalSection
	GlobalSection(SolutionProperties) = preSolution
		HideSolutionNode = FALSE
	EndGlobalSection
	GlobalSection(ExtensibilityGlobals) = postSolution
		SolutionGuid = {B5DA0EB4-F181-4180-85F5-58CDE01DD9B7}
	EndGlobalSection
EndGlobal
